
Microsoft Visual Studio Solution File, Format Version 12.00
# Visual Studio 2012
Project("{FAE04EC0-301F-11D3-BF4B-00C04F79EFBC}") = "Tuts02", "Tuts02\Tuts02.csproj", "{49D0FFA0-36A1-4C94-AFE5-5EC27108459A}"
EndProject
Global
	GlobalSection(SolutionConfigurationPlatforms) = preSolution
		Debug|Any CPU = Debug|Any CPU
		Release|Any CPU = Release|Any CPU
	EndGlobalSection
	GlobalSection(ProjectConfigurationPlatforms) = postSolution
		{49D0FFA0-36A1-4C94-AFE5-5EC27108459A}.Debug|Any CPU.ActiveCfg = Debug|Any CPU
		{49D0FFA0-36A1-4C94-AFE5-5EC27108459A}.Debug|Any CPU.Build.0 = Debug|Any CPU
		{49D0FFA0-36A1-4C94-AFE5-5EC27108459A}.Release|Any CPU.ActiveCfg = Release|Any CPU
		{49D0FFA0-36A1-4C94-AFE5-5EC27108459A}.Release|Any CPU.Build.0 = Release|Any CPU
	EndGlobalSection
	GlobalSection(SolutionProperties) = preSolution
		HideSolutionNode = FALSE
	EndGlobalSection
EndGlobal
