
Microsoft Visual Studio Solution File, Format Version 12.00
# Visual Studio 2012
Project("{FAE04EC0-301F-11D3-BF4B-00C04F79EFBC}") = "ProductsApp", "ProductsApi\ProductsApp.csproj", "{3FDC7F50-3653-4851-BD4D-94A6F7A2FB72}"
EndProject
Project("{FAE04EC0-301F-11D3-BF4B-00C04F79EFBC}") = "MvcApplication1", "MvcApplication1\MvcApplication1.csproj", "{FEDBB671-D920-4716-B0A7-3482A8195041}"
EndProject
Global
	GlobalSection(SolutionConfigurationPlatforms) = preSolution
		Debug|Any CPU = Debug|Any CPU
		Release|Any CPU = Release|Any CPU
	EndGlobalSection
	GlobalSection(ProjectConfigurationPlatforms) = postSolution
		{3FDC7F50-3653-4851-BD4D-94A6F7A2FB72}.Debug|Any CPU.ActiveCfg = Debug|Any CPU
		{3FDC7F50-3653-4851-BD4D-94A6F7A2FB72}.Debug|Any CPU.Build.0 = Debug|Any CPU
		{3FDC7F50-3653-4851-BD4D-94A6F7A2FB72}.Release|Any CPU.ActiveCfg = Release|Any CPU
		{3FDC7F50-3653-4851-BD4D-94A6F7A2FB72}.Release|Any CPU.Build.0 = Release|Any CPU
		{FEDBB671-D920-4716-B0A7-3482A8195041}.Debug|Any CPU.ActiveCfg = Debug|Any CPU
		{FEDBB671-D920-4716-B0A7-3482A8195041}.Debug|Any CPU.Build.0 = Debug|Any CPU
		{FEDBB671-D920-4716-B0A7-3482A8195041}.Release|Any CPU.ActiveCfg = Release|Any CPU
		{FEDBB671-D920-4716-B0A7-3482A8195041}.Release|Any CPU.Build.0 = Release|Any CPU
	EndGlobalSection
	GlobalSection(SolutionProperties) = preSolution
		HideSolutionNode = FALSE
	EndGlobalSection
EndGlobal
